
Microsoft Visual Studio Solution File, Format Version 12.00
# Visual Studio Version 16
VisualStudioVersion = 16.0.30330.147
MinimumVisualStudioVersion = 10.0.40219.1
Project("{FAE04EC0-301F-11D3-BF4B-00C04F79EFBC}") = "_20200910MultidimensinisMasymas", "_20200910MultidimensinisMasymas\_20200910MultidimensinisMasymas.csproj", "{534F17F7-0886-4843-895C-C8FC9209AAA4}"
EndProject
Global
	GlobalSection(SolutionConfigurationPlatforms) = preSolution
		Debug|Any CPU = Debug|Any CPU
		Release|Any CPU = Release|Any CPU
	EndGlobalSection
	GlobalSection(ProjectConfigurationPlatforms) = postSolution
		{534F17F7-0886-4843-895C-C8FC9209AAA4}.Debug|Any CPU.ActiveCfg = Debug|Any CPU
		{534F17F7-0886-4843-895C-C8FC9209AAA4}.Debug|Any CPU.Build.0 = Debug|Any CPU
		{534F17F7-0886-4843-895C-C8FC9209AAA4}.Release|Any CPU.ActiveCfg = Release|Any CPU
		{534F17F7-0886-4843-895C-C8FC9209AAA4}.Release|Any CPU.Build.0 = Release|Any CPU
	EndGlobalSection
	GlobalSection(SolutionProperties) = preSolution
		HideSolutionNode = FALSE
	EndGlobalSection
	GlobalSection(ExtensibilityGlobals) = postSolution
		SolutionGuid = {50948D8E-7FC9-42E1-BC3B-674BE417D1CA}
	EndGlobalSection
EndGlobal
