
Microsoft Visual Studio Solution File, Format Version 12.00
# Visual Studio Version 16
VisualStudioVersion = 16.0.30330.147
MinimumVisualStudioVersion = 10.0.40219.1
Project("{FAE04EC0-301F-11D3-BF4B-00C04F79EFBC}") = "_20200928 TiesesTaskai", "_20200928 TiesesTaskai\_20200928 TiesesTaskai.csproj", "{B4B11F84-E399-460D-9A12-DAFBA599293B}"
EndProject
Global
	GlobalSection(SolutionConfigurationPlatforms) = preSolution
		Debug|Any CPU = Debug|Any CPU
		Release|Any CPU = Release|Any CPU
	EndGlobalSection
	GlobalSection(ProjectConfigurationPlatforms) = postSolution
		{B4B11F84-E399-460D-9A12-DAFBA599293B}.Debug|Any CPU.ActiveCfg = Debug|Any CPU
		{B4B11F84-E399-460D-9A12-DAFBA599293B}.Debug|Any CPU.Build.0 = Debug|Any CPU
		{B4B11F84-E399-460D-9A12-DAFBA599293B}.Release|Any CPU.ActiveCfg = Release|Any CPU
		{B4B11F84-E399-460D-9A12-DAFBA599293B}.Release|Any CPU.Build.0 = Release|Any CPU
	EndGlobalSection
	GlobalSection(SolutionProperties) = preSolution
		HideSolutionNode = FALSE
	EndGlobalSection
	GlobalSection(ExtensibilityGlobals) = postSolution
		SolutionGuid = {7491FB83-3173-4EBF-8A73-3C386BD566B3}
	EndGlobalSection
EndGlobal
