
Microsoft Visual Studio Solution File, Format Version 12.00
# Visual Studio Version 16
VisualStudioVersion = 16.0.30330.147
MinimumVisualStudioVersion = 10.0.40219.1
Project("{FAE04EC0-301F-11D3-BF4B-00C04F79EFBC}") = "_20201006 ConsoleEvent", "_20201006 ConsoleEvent\_20201006 ConsoleEvent.csproj", "{A335EA27-F9DF-4515-810C-D2C540E1AAAB}"
EndProject
Global
	GlobalSection(SolutionConfigurationPlatforms) = preSolution
		Debug|Any CPU = Debug|Any CPU
		Release|Any CPU = Release|Any CPU
	EndGlobalSection
	GlobalSection(ProjectConfigurationPlatforms) = postSolution
		{A335EA27-F9DF-4515-810C-D2C540E1AAAB}.Debug|Any CPU.ActiveCfg = Debug|Any CPU
		{A335EA27-F9DF-4515-810C-D2C540E1AAAB}.Debug|Any CPU.Build.0 = Debug|Any CPU
		{A335EA27-F9DF-4515-810C-D2C540E1AAAB}.Release|Any CPU.ActiveCfg = Release|Any CPU
		{A335EA27-F9DF-4515-810C-D2C540E1AAAB}.Release|Any CPU.Build.0 = Release|Any CPU
	EndGlobalSection
	GlobalSection(SolutionProperties) = preSolution
		HideSolutionNode = FALSE
	EndGlobalSection
	GlobalSection(ExtensibilityGlobals) = postSolution
		SolutionGuid = {81294102-E400-4186-BC4C-0BD63A2F3631}
	EndGlobalSection
EndGlobal
