
Microsoft Visual Studio Solution File, Format Version 12.00
# Visual Studio Version 16
VisualStudioVersion = 16.0.30330.147
MinimumVisualStudioVersion = 10.0.40219.1
Project("{FAE04EC0-301F-11D3-BF4B-00C04F79EFBC}") = "20201008 DuomenuBazes", "20201008 DuomenuBazes\20201008 DuomenuBazes.csproj", "{95B2911B-49E3-4E3E-859D-37243FB8FB95}"
EndProject
Global
	GlobalSection(SolutionConfigurationPlatforms) = preSolution
		Debug|Any CPU = Debug|Any CPU
		Release|Any CPU = Release|Any CPU
	EndGlobalSection
	GlobalSection(ProjectConfigurationPlatforms) = postSolution
		{95B2911B-49E3-4E3E-859D-37243FB8FB95}.Debug|Any CPU.ActiveCfg = Debug|Any CPU
		{95B2911B-49E3-4E3E-859D-37243FB8FB95}.Debug|Any CPU.Build.0 = Debug|Any CPU
		{95B2911B-49E3-4E3E-859D-37243FB8FB95}.Release|Any CPU.ActiveCfg = Release|Any CPU
		{95B2911B-49E3-4E3E-859D-37243FB8FB95}.Release|Any CPU.Build.0 = Release|Any CPU
	EndGlobalSection
	GlobalSection(SolutionProperties) = preSolution
		HideSolutionNode = FALSE
	EndGlobalSection
	GlobalSection(ExtensibilityGlobals) = postSolution
		SolutionGuid = {07385284-3CAC-4755-8CE4-594073286DB7}
	EndGlobalSection
EndGlobal
