
Microsoft Visual Studio Solution File, Format Version 12.00
# Visual Studio Version 16
VisualStudioVersion = 16.0.30330.147
MinimumVisualStudioVersion = 10.0.40219.1
Project("{FAE04EC0-301F-11D3-BF4B-00C04F79EFBC}") = "_20200915_KortuKalade", "_20200915_KortuKalade\_20200915_KortuKalade.csproj", "{2AE16B0E-CC24-4818-A9BD-7D76F9BBBE0A}"
EndProject
Global
	GlobalSection(SolutionConfigurationPlatforms) = preSolution
		Debug|Any CPU = Debug|Any CPU
		Release|Any CPU = Release|Any CPU
	EndGlobalSection
	GlobalSection(ProjectConfigurationPlatforms) = postSolution
		{2AE16B0E-CC24-4818-A9BD-7D76F9BBBE0A}.Debug|Any CPU.ActiveCfg = Debug|Any CPU
		{2AE16B0E-CC24-4818-A9BD-7D76F9BBBE0A}.Debug|Any CPU.Build.0 = Debug|Any CPU
		{2AE16B0E-CC24-4818-A9BD-7D76F9BBBE0A}.Release|Any CPU.ActiveCfg = Release|Any CPU
		{2AE16B0E-CC24-4818-A9BD-7D76F9BBBE0A}.Release|Any CPU.Build.0 = Release|Any CPU
	EndGlobalSection
	GlobalSection(SolutionProperties) = preSolution
		HideSolutionNode = FALSE
	EndGlobalSection
	GlobalSection(ExtensibilityGlobals) = postSolution
		SolutionGuid = {7D437352-3CEF-4B8A-A5FC-D797AB5AC94A}
	EndGlobalSection
EndGlobal
