
Microsoft Visual Studio Solution File, Format Version 12.00
# Visual Studio Version 16
VisualStudioVersion = 16.0.30330.147
MinimumVisualStudioVersion = 10.0.40219.1
Project("{FAE04EC0-301F-11D3-BF4B-00C04F79EFBC}") = "_20200921", "_20200921\_20200921.csproj", "{18778953-E3F7-4861-AD5C-4CE61C714ADC}"
EndProject
Global
	GlobalSection(SolutionConfigurationPlatforms) = preSolution
		Debug|Any CPU = Debug|Any CPU
		Release|Any CPU = Release|Any CPU
	EndGlobalSection
	GlobalSection(ProjectConfigurationPlatforms) = postSolution
		{18778953-E3F7-4861-AD5C-4CE61C714ADC}.Debug|Any CPU.ActiveCfg = Debug|Any CPU
		{18778953-E3F7-4861-AD5C-4CE61C714ADC}.Debug|Any CPU.Build.0 = Debug|Any CPU
		{18778953-E3F7-4861-AD5C-4CE61C714ADC}.Release|Any CPU.ActiveCfg = Release|Any CPU
		{18778953-E3F7-4861-AD5C-4CE61C714ADC}.Release|Any CPU.Build.0 = Release|Any CPU
	EndGlobalSection
	GlobalSection(SolutionProperties) = preSolution
		HideSolutionNode = FALSE
	EndGlobalSection
	GlobalSection(ExtensibilityGlobals) = postSolution
		SolutionGuid = {394874FF-52F2-477E-8035-8D849531E1FE}
	EndGlobalSection
EndGlobal
