
Microsoft Visual Studio Solution File, Format Version 12.00
# Visual Studio Version 16
VisualStudioVersion = 16.0.30330.147
MinimumVisualStudioVersion = 10.0.40219.1
Project("{FAE04EC0-301F-11D3-BF4B-00C04F79EFBC}") = "_20200903_Svarstykles", "_20200903_Svarstykles\_20200903_Svarstykles.csproj", "{85BC7C4F-7861-4F21-85BF-1CB4C08FD8AE}"
EndProject
Global
	GlobalSection(SolutionConfigurationPlatforms) = preSolution
		Debug|Any CPU = Debug|Any CPU
		Release|Any CPU = Release|Any CPU
	EndGlobalSection
	GlobalSection(ProjectConfigurationPlatforms) = postSolution
		{85BC7C4F-7861-4F21-85BF-1CB4C08FD8AE}.Debug|Any CPU.ActiveCfg = Debug|Any CPU
		{85BC7C4F-7861-4F21-85BF-1CB4C08FD8AE}.Debug|Any CPU.Build.0 = Debug|Any CPU
		{85BC7C4F-7861-4F21-85BF-1CB4C08FD8AE}.Release|Any CPU.ActiveCfg = Release|Any CPU
		{85BC7C4F-7861-4F21-85BF-1CB4C08FD8AE}.Release|Any CPU.Build.0 = Release|Any CPU
	EndGlobalSection
	GlobalSection(SolutionProperties) = preSolution
		HideSolutionNode = FALSE
	EndGlobalSection
	GlobalSection(ExtensibilityGlobals) = postSolution
		SolutionGuid = {9FAA5BAB-BF53-43B8-8EEA-CF447C75B7CA}
	EndGlobalSection
EndGlobal
