
Microsoft Visual Studio Solution File, Format Version 12.00
# Visual Studio Version 16
VisualStudioVersion = 16.0.30330.147
MinimumVisualStudioVersion = 10.0.40219.1
Project("{FAE04EC0-301F-11D3-BF4B-00C04F79EFBC}") = "_20200921PaveldejimaiPVz", "_20200921PaveldejimaiPVz\_20200921PaveldejimaiPVz.csproj", "{AB3F7354-D310-416A-BE22-A68778FA2571}"
EndProject
Global
	GlobalSection(SolutionConfigurationPlatforms) = preSolution
		Debug|Any CPU = Debug|Any CPU
		Release|Any CPU = Release|Any CPU
	EndGlobalSection
	GlobalSection(ProjectConfigurationPlatforms) = postSolution
		{AB3F7354-D310-416A-BE22-A68778FA2571}.Debug|Any CPU.ActiveCfg = Debug|Any CPU
		{AB3F7354-D310-416A-BE22-A68778FA2571}.Debug|Any CPU.Build.0 = Debug|Any CPU
		{AB3F7354-D310-416A-BE22-A68778FA2571}.Release|Any CPU.ActiveCfg = Release|Any CPU
		{AB3F7354-D310-416A-BE22-A68778FA2571}.Release|Any CPU.Build.0 = Release|Any CPU
	EndGlobalSection
	GlobalSection(SolutionProperties) = preSolution
		HideSolutionNode = FALSE
	EndGlobalSection
	GlobalSection(ExtensibilityGlobals) = postSolution
		SolutionGuid = {CEE52ACF-3D60-4216-9E13-DFF70DAAB9C1}
	EndGlobalSection
EndGlobal
