
Microsoft Visual Studio Solution File, Format Version 12.00
# Visual Studio Version 16
VisualStudioVersion = 16.0.30330.147
MinimumVisualStudioVersion = 10.0.40219.1
Project("{FAE04EC0-301F-11D3-BF4B-00C04F79EFBC}") = "20201005", "20201005\20201005.csproj", "{385F40FF-7872-46C3-94DD-EF894C26A7F7}"
EndProject
Global
	GlobalSection(SolutionConfigurationPlatforms) = preSolution
		Debug|Any CPU = Debug|Any CPU
		Release|Any CPU = Release|Any CPU
	EndGlobalSection
	GlobalSection(ProjectConfigurationPlatforms) = postSolution
		{385F40FF-7872-46C3-94DD-EF894C26A7F7}.Debug|Any CPU.ActiveCfg = Debug|Any CPU
		{385F40FF-7872-46C3-94DD-EF894C26A7F7}.Debug|Any CPU.Build.0 = Debug|Any CPU
		{385F40FF-7872-46C3-94DD-EF894C26A7F7}.Release|Any CPU.ActiveCfg = Release|Any CPU
		{385F40FF-7872-46C3-94DD-EF894C26A7F7}.Release|Any CPU.Build.0 = Release|Any CPU
	EndGlobalSection
	GlobalSection(SolutionProperties) = preSolution
		HideSolutionNode = FALSE
	EndGlobalSection
	GlobalSection(ExtensibilityGlobals) = postSolution
		SolutionGuid = {BC09C3BE-3029-4051-A470-BD7C128C381D}
	EndGlobalSection
EndGlobal
