
Microsoft Visual Studio Solution File, Format Version 12.00
# Visual Studio Version 16
VisualStudioVersion = 16.0.30330.147
MinimumVisualStudioVersion = 10.0.40219.1
Project("{FAE04EC0-301F-11D3-BF4B-00C04F79EFBC}") = "_20200903", "_20200903\_20200903.csproj", "{EF8CB7DD-C108-4A52-ABF7-D572852591F7}"
EndProject
Global
	GlobalSection(SolutionConfigurationPlatforms) = preSolution
		Debug|Any CPU = Debug|Any CPU
		Release|Any CPU = Release|Any CPU
	EndGlobalSection
	GlobalSection(ProjectConfigurationPlatforms) = postSolution
		{EF8CB7DD-C108-4A52-ABF7-D572852591F7}.Debug|Any CPU.ActiveCfg = Debug|Any CPU
		{EF8CB7DD-C108-4A52-ABF7-D572852591F7}.Debug|Any CPU.Build.0 = Debug|Any CPU
		{EF8CB7DD-C108-4A52-ABF7-D572852591F7}.Release|Any CPU.ActiveCfg = Release|Any CPU
		{EF8CB7DD-C108-4A52-ABF7-D572852591F7}.Release|Any CPU.Build.0 = Release|Any CPU
	EndGlobalSection
	GlobalSection(SolutionProperties) = preSolution
		HideSolutionNode = FALSE
	EndGlobalSection
	GlobalSection(ExtensibilityGlobals) = postSolution
		SolutionGuid = {407FE4C7-8EAD-489D-B8FE-F2BA278666D4}
	EndGlobalSection
EndGlobal
