
Microsoft Visual Studio Solution File, Format Version 12.00
# Visual Studio Version 16
VisualStudioVersion = 16.0.30330.147
MinimumVisualStudioVersion = 10.0.40219.1
Project("{FAE04EC0-301F-11D3-BF4B-00C04F79EFBC}") = "_2020090903WhileUzduotis1", "_2020090903WhileUzduotis1\_2020090903WhileUzduotis1.csproj", "{216243B3-8DBE-40D1-8776-D85BF659F40A}"
EndProject
Global
	GlobalSection(SolutionConfigurationPlatforms) = preSolution
		Debug|Any CPU = Debug|Any CPU
		Release|Any CPU = Release|Any CPU
	EndGlobalSection
	GlobalSection(ProjectConfigurationPlatforms) = postSolution
		{216243B3-8DBE-40D1-8776-D85BF659F40A}.Debug|Any CPU.ActiveCfg = Debug|Any CPU
		{216243B3-8DBE-40D1-8776-D85BF659F40A}.Debug|Any CPU.Build.0 = Debug|Any CPU
		{216243B3-8DBE-40D1-8776-D85BF659F40A}.Release|Any CPU.ActiveCfg = Release|Any CPU
		{216243B3-8DBE-40D1-8776-D85BF659F40A}.Release|Any CPU.Build.0 = Release|Any CPU
	EndGlobalSection
	GlobalSection(SolutionProperties) = preSolution
		HideSolutionNode = FALSE
	EndGlobalSection
	GlobalSection(ExtensibilityGlobals) = postSolution
		SolutionGuid = {F9380A35-850C-4904-BA13-0A9A30E78065}
	EndGlobalSection
EndGlobal
