
Microsoft Visual Studio Solution File, Format Version 12.00
# Visual Studio Version 16
VisualStudioVersion = 16.0.30330.147
MinimumVisualStudioVersion = 10.0.40219.1
Project("{FAE04EC0-301F-11D3-BF4B-00C04F79EFBC}") = "_20201013 LinqUzklausos", "_20201013 LinqUzklausos\_20201013 LinqUzklausos.csproj", "{49152174-B470-41DC-9224-7C85F015E06B}"
EndProject
Global
	GlobalSection(SolutionConfigurationPlatforms) = preSolution
		Debug|Any CPU = Debug|Any CPU
		Release|Any CPU = Release|Any CPU
	EndGlobalSection
	GlobalSection(ProjectConfigurationPlatforms) = postSolution
		{49152174-B470-41DC-9224-7C85F015E06B}.Debug|Any CPU.ActiveCfg = Debug|Any CPU
		{49152174-B470-41DC-9224-7C85F015E06B}.Debug|Any CPU.Build.0 = Debug|Any CPU
		{49152174-B470-41DC-9224-7C85F015E06B}.Release|Any CPU.ActiveCfg = Release|Any CPU
		{49152174-B470-41DC-9224-7C85F015E06B}.Release|Any CPU.Build.0 = Release|Any CPU
	EndGlobalSection
	GlobalSection(SolutionProperties) = preSolution
		HideSolutionNode = FALSE
	EndGlobalSection
	GlobalSection(ExtensibilityGlobals) = postSolution
		SolutionGuid = {7359DE6F-537E-423A-BD2F-B5790F5D4821}
	EndGlobalSection
EndGlobal
