
Microsoft Visual Studio Solution File, Format Version 12.00
# Visual Studio Version 16
VisualStudioVersion = 16.0.30330.147
MinimumVisualStudioVersion = 10.0.40219.1
Project("{FAE04EC0-301F-11D3-BF4B-00C04F79EFBC}") = "_20200910_ListaiPazymiai", "_20200910_ListaiPazymiai\_20200910_ListaiPazymiai.csproj", "{06296335-EDFF-48E2-BF20-0378A670CB0C}"
EndProject
Global
	GlobalSection(SolutionConfigurationPlatforms) = preSolution
		Debug|Any CPU = Debug|Any CPU
		Release|Any CPU = Release|Any CPU
	EndGlobalSection
	GlobalSection(ProjectConfigurationPlatforms) = postSolution
		{06296335-EDFF-48E2-BF20-0378A670CB0C}.Debug|Any CPU.ActiveCfg = Debug|Any CPU
		{06296335-EDFF-48E2-BF20-0378A670CB0C}.Debug|Any CPU.Build.0 = Debug|Any CPU
		{06296335-EDFF-48E2-BF20-0378A670CB0C}.Release|Any CPU.ActiveCfg = Release|Any CPU
		{06296335-EDFF-48E2-BF20-0378A670CB0C}.Release|Any CPU.Build.0 = Release|Any CPU
	EndGlobalSection
	GlobalSection(SolutionProperties) = preSolution
		HideSolutionNode = FALSE
	EndGlobalSection
	GlobalSection(ExtensibilityGlobals) = postSolution
		SolutionGuid = {DD4AE284-32FA-4088-82EA-8A2BE0CBA426}
	EndGlobalSection
EndGlobal
