
Microsoft Visual Studio Solution File, Format Version 12.00
# Visual Studio Version 16
VisualStudioVersion = 16.0.30330.147
MinimumVisualStudioVersion = 10.0.40219.1
Project("{FAE04EC0-301F-11D3-BF4B-00C04F79EFBC}") = "_20201005 DelegataiZmones", "_20201005 DelegataiZmones\_20201005 DelegataiZmones.csproj", "{6E31C408-E2EB-4C94-B980-2B30A8C185BC}"
EndProject
Global
	GlobalSection(SolutionConfigurationPlatforms) = preSolution
		Debug|Any CPU = Debug|Any CPU
		Release|Any CPU = Release|Any CPU
	EndGlobalSection
	GlobalSection(ProjectConfigurationPlatforms) = postSolution
		{6E31C408-E2EB-4C94-B980-2B30A8C185BC}.Debug|Any CPU.ActiveCfg = Debug|Any CPU
		{6E31C408-E2EB-4C94-B980-2B30A8C185BC}.Debug|Any CPU.Build.0 = Debug|Any CPU
		{6E31C408-E2EB-4C94-B980-2B30A8C185BC}.Release|Any CPU.ActiveCfg = Release|Any CPU
		{6E31C408-E2EB-4C94-B980-2B30A8C185BC}.Release|Any CPU.Build.0 = Release|Any CPU
	EndGlobalSection
	GlobalSection(SolutionProperties) = preSolution
		HideSolutionNode = FALSE
	EndGlobalSection
	GlobalSection(ExtensibilityGlobals) = postSolution
		SolutionGuid = {A6267160-1C74-406E-A250-9F29E4B8DED6}
	EndGlobalSection
EndGlobal
