
Microsoft Visual Studio Solution File, Format Version 12.00
# Visual Studio Version 16
VisualStudioVersion = 16.0.30330.147
MinimumVisualStudioVersion = 10.0.40219.1
Project("{FAE04EC0-301F-11D3-BF4B-00C04F79EFBC}") = "_20200908_MasyvasFibonacio", "_20200908_MasyvasFibonacio\_20200908_MasyvasFibonacio.csproj", "{CC55D8DA-1628-4D18-8834-14B1766AD33C}"
EndProject
Global
	GlobalSection(SolutionConfigurationPlatforms) = preSolution
		Debug|Any CPU = Debug|Any CPU
		Release|Any CPU = Release|Any CPU
	EndGlobalSection
	GlobalSection(ProjectConfigurationPlatforms) = postSolution
		{CC55D8DA-1628-4D18-8834-14B1766AD33C}.Debug|Any CPU.ActiveCfg = Debug|Any CPU
		{CC55D8DA-1628-4D18-8834-14B1766AD33C}.Debug|Any CPU.Build.0 = Debug|Any CPU
		{CC55D8DA-1628-4D18-8834-14B1766AD33C}.Release|Any CPU.ActiveCfg = Release|Any CPU
		{CC55D8DA-1628-4D18-8834-14B1766AD33C}.Release|Any CPU.Build.0 = Release|Any CPU
	EndGlobalSection
	GlobalSection(SolutionProperties) = preSolution
		HideSolutionNode = FALSE
	EndGlobalSection
	GlobalSection(ExtensibilityGlobals) = postSolution
		SolutionGuid = {11919E34-2E56-4BF5-A5D7-FB239085AF14}
	EndGlobalSection
EndGlobal
