
Microsoft Visual Studio Solution File, Format Version 12.00
# Visual Studio Version 16
VisualStudioVersion = 16.0.30330.147
MinimumVisualStudioVersion = 10.0.40219.1
Project("{FAE04EC0-301F-11D3-BF4B-00C04F79EFBC}") = "20200929_PazymiaiDictionary", "20200929_PazymiaiDictionary\20200929_PazymiaiDictionary.csproj", "{EC1DBF41-0B84-4F30-A61A-A816C7618E3E}"
EndProject
Global
	GlobalSection(SolutionConfigurationPlatforms) = preSolution
		Debug|Any CPU = Debug|Any CPU
		Release|Any CPU = Release|Any CPU
	EndGlobalSection
	GlobalSection(ProjectConfigurationPlatforms) = postSolution
		{EC1DBF41-0B84-4F30-A61A-A816C7618E3E}.Debug|Any CPU.ActiveCfg = Debug|Any CPU
		{EC1DBF41-0B84-4F30-A61A-A816C7618E3E}.Debug|Any CPU.Build.0 = Debug|Any CPU
		{EC1DBF41-0B84-4F30-A61A-A816C7618E3E}.Release|Any CPU.ActiveCfg = Release|Any CPU
		{EC1DBF41-0B84-4F30-A61A-A816C7618E3E}.Release|Any CPU.Build.0 = Release|Any CPU
	EndGlobalSection
	GlobalSection(SolutionProperties) = preSolution
		HideSolutionNode = FALSE
	EndGlobalSection
	GlobalSection(ExtensibilityGlobals) = postSolution
		SolutionGuid = {C1F838BC-BB9B-477D-8C11-02351973744F}
	EndGlobalSection
EndGlobal
